
Microsoft Visual Studio Solution File, Format Version 12.00
# Visual Studio Version 17
VisualStudioVersion = 17.1.32407.343
MinimumVisualStudioVersion = 10.0.40219.1
Project("{8BC9CEB8-8B4A-11D0-8D11-00A0C91BC942}") = "DN_Base3", "DN_Base3\DN_Base3.vcxproj", "{C5F80730-F44F-4478-BDAE-6634EFC2CA88}"
EndProject
Project("{8BC9CEB8-8B4A-11D0-8D11-00A0C91BC942}") = "DN_Memory", "Dn_Memory\Dn_Memory.vcxitems", "{811288BB-F071-4DCF-9AB6-ACC4AAAC0FDA}"
EndProject
Project("{8BC9CEB8-8B4A-11D0-8D11-00A0C91BC942}") = "DN_DeviceId", "DN_DeviceId\DN_DeviceId.vcxitems", "{F35B6EA3-5315-4CF7-8398-7F84E8D4FC5B}"
EndProject
Project("{8BC9CEB8-8B4A-11D0-8D11-00A0C91BC942}") = "DN_WIFI", "DN_WIFI\DN_WIFI.vcxitems", "{21A71ACF-C76B-4E99-88C7-05B045CE8E16}"
EndProject
Project("{8BC9CEB8-8B4A-11D0-8D11-00A0C91BC942}") = "DN_MQTT", "DN_MQTT\DN_MQTT.vcxitems", "{54B60E58-6EBA-4CE7-8F1E-0112B722896E}"
EndProject
Project("{8BC9CEB8-8B4A-11D0-8D11-00A0C91BC942}") = "DN_Object", "DN_Object\DN_Object.vcxitems", "{C5D309AD-C875-4E8F-92D5-56D16925653D}"
EndProject
Project("{8BC9CEB8-8B4A-11D0-8D11-00A0C91BC942}") = "ArduinoJson", "ArduinoJson\ArduinoJson.vcxitems", "{59FD9E30-74D2-4ABF-872A-C0FD4FAAA542}"
EndProject
Project("{8BC9CEB8-8B4A-11D0-8D11-00A0C91BC942}") = "Obj2", "Obj2\Obj2.vcxproj", "{1835885C-69AB-4C95-884F-CFB35C00D3BF}"
EndProject
Project("{8BC9CEB8-8B4A-11D0-8D11-00A0C91BC942}") = "obj1", "obj1\obj1.vcxproj", "{83A152F0-E29A-4030-8341-6DAB30D7F14F}"
EndProject
Project("{8BC9CEB8-8B4A-11D0-8D11-00A0C91BC942}") = "DN_Value_int", "DN_Value_int\DN_Value_int.vcxitems", "{35335166-566B-400E-9414-619FF64DE74F}"
EndProject
Project("{8BC9CEB8-8B4A-11D0-8D11-00A0C91BC942}") = "DN_Value", "DN_Value\DN_Value.vcxitems", "{107F2483-8C72-4738-81B3-E41D6FB938A8}"
EndProject
Project("{8BC9CEB8-8B4A-11D0-8D11-00A0C91BC942}") = "DN_ComManager", "DN_ComManager\DN_ComManager.vcxitems", "{6BF23690-90C5-4E35-9264-DCBB31957462}"
EndProject
Project("{8BC9CEB8-8B4A-11D0-8D11-00A0C91BC942}") = "DN_ComCanal", "DN_ComCanal\DN_ComCanal.vcxitems", "{7E89AB81-C5C3-4077-A88D-8F9B926E8F63}"
EndProject
Global
	GlobalSection(SolutionConfigurationPlatforms) = preSolution
		Debug|x86 = Debug|x86
		Release|x86 = Release|x86
	EndGlobalSection
	GlobalSection(ProjectConfigurationPlatforms) = postSolution
		{C5F80730-F44F-4478-BDAE-6634EFC2CA88}.Debug|x86.ActiveCfg = Debug|Win32
		{C5F80730-F44F-4478-BDAE-6634EFC2CA88}.Debug|x86.Build.0 = Debug|Win32
		{C5F80730-F44F-4478-BDAE-6634EFC2CA88}.Release|x86.ActiveCfg = Release|Win32
		{C5F80730-F44F-4478-BDAE-6634EFC2CA88}.Release|x86.Build.0 = Release|Win32
		{1835885C-69AB-4C95-884F-CFB35C00D3BF}.Debug|x86.ActiveCfg = Debug|Win32
		{1835885C-69AB-4C95-884F-CFB35C00D3BF}.Debug|x86.Build.0 = Debug|Win32
		{1835885C-69AB-4C95-884F-CFB35C00D3BF}.Release|x86.ActiveCfg = Release|Win32
		{1835885C-69AB-4C95-884F-CFB35C00D3BF}.Release|x86.Build.0 = Release|Win32
		{83A152F0-E29A-4030-8341-6DAB30D7F14F}.Debug|x86.ActiveCfg = Debug|Win32
		{83A152F0-E29A-4030-8341-6DAB30D7F14F}.Debug|x86.Build.0 = Debug|Win32
		{83A152F0-E29A-4030-8341-6DAB30D7F14F}.Release|x86.ActiveCfg = Release|Win32
		{83A152F0-E29A-4030-8341-6DAB30D7F14F}.Release|x86.Build.0 = Release|Win32
	EndGlobalSection
	GlobalSection(SolutionProperties) = preSolution
		HideSolutionNode = FALSE
	EndGlobalSection
	GlobalSection(ExtensibilityGlobals) = postSolution
		SolutionGuid = {55D40FB7-FC00-485E-A5EB-14C5ABDD52A7}
	EndGlobalSection
	GlobalSection(SharedMSBuildProjectFiles) = preSolution
		DN_Value\DN_Value.vcxitems*{107f2483-8c72-4738-81b3-e41d6fb938a8}*SharedItemsImports = 9
		ArduinoJson\ArduinoJson.vcxitems*{1835885c-69ab-4c95-884f-cfb35c00d3bf}*SharedItemsImports = 4
		DN_ComCanal\DN_ComCanal.vcxitems*{1835885c-69ab-4c95-884f-cfb35c00d3bf}*SharedItemsImports = 4
		DN_ComManager\DN_ComManager.vcxitems*{1835885c-69ab-4c95-884f-cfb35c00d3bf}*SharedItemsImports = 4
		DN_DeviceId\DN_DeviceId.vcxitems*{1835885c-69ab-4c95-884f-cfb35c00d3bf}*SharedItemsImports = 4
		Dn_Memory\Dn_Memory.vcxitems*{1835885c-69ab-4c95-884f-cfb35c00d3bf}*SharedItemsImports = 4
		DN_MQTT\DN_MQTT.vcxitems*{1835885c-69ab-4c95-884f-cfb35c00d3bf}*SharedItemsImports = 4
		DN_Object\DN_Object.vcxitems*{1835885c-69ab-4c95-884f-cfb35c00d3bf}*SharedItemsImports = 4
		DN_Value\DN_Value.vcxitems*{1835885c-69ab-4c95-884f-cfb35c00d3bf}*SharedItemsImports = 4
		DN_Value_int\DN_Value_int.vcxitems*{1835885c-69ab-4c95-884f-cfb35c00d3bf}*SharedItemsImports = 4
		DN_WIFI\DN_WIFI.vcxitems*{1835885c-69ab-4c95-884f-cfb35c00d3bf}*SharedItemsImports = 4
		DN_WIFI\DN_WIFI.vcxitems*{21a71acf-c76b-4e99-88c7-05b045ce8e16}*SharedItemsImports = 9
		DN_Value_int\DN_Value_int.vcxitems*{35335166-566b-400e-9414-619ff64de74f}*SharedItemsImports = 9
		DN_MQTT\DN_MQTT.vcxitems*{54b60e58-6eba-4ce7-8f1e-0112b722896e}*SharedItemsImports = 9
		ArduinoJson\ArduinoJson.vcxitems*{59fd9e30-74d2-4abf-872a-c0fd4faaa542}*SharedItemsImports = 9
		DN_ComManager\DN_ComManager.vcxitems*{6bf23690-90c5-4e35-9264-dcbb31957462}*SharedItemsImports = 9
		DN_ComCanal\DN_ComCanal.vcxitems*{7e89ab81-c5c3-4077-a88d-8f9b926e8f63}*SharedItemsImports = 9
		Dn_Memory\Dn_Memory.vcxitems*{811288bb-f071-4dcf-9ab6-acc4aaac0fda}*SharedItemsImports = 9
		ArduinoJson\ArduinoJson.vcxitems*{83a152f0-e29a-4030-8341-6dab30d7f14f}*SharedItemsImports = 4
		DN_ComCanal\DN_ComCanal.vcxitems*{83a152f0-e29a-4030-8341-6dab30d7f14f}*SharedItemsImports = 4
		DN_ComManager\DN_ComManager.vcxitems*{83a152f0-e29a-4030-8341-6dab30d7f14f}*SharedItemsImports = 4
		DN_DeviceId\DN_DeviceId.vcxitems*{83a152f0-e29a-4030-8341-6dab30d7f14f}*SharedItemsImports = 4
		Dn_Memory\Dn_Memory.vcxitems*{83a152f0-e29a-4030-8341-6dab30d7f14f}*SharedItemsImports = 4
		DN_MQTT\DN_MQTT.vcxitems*{83a152f0-e29a-4030-8341-6dab30d7f14f}*SharedItemsImports = 4
		DN_Object\DN_Object.vcxitems*{83a152f0-e29a-4030-8341-6dab30d7f14f}*SharedItemsImports = 4
		DN_Value\DN_Value.vcxitems*{83a152f0-e29a-4030-8341-6dab30d7f14f}*SharedItemsImports = 4
		DN_Value_int\DN_Value_int.vcxitems*{83a152f0-e29a-4030-8341-6dab30d7f14f}*SharedItemsImports = 4
		DN_WIFI\DN_WIFI.vcxitems*{83a152f0-e29a-4030-8341-6dab30d7f14f}*SharedItemsImports = 4
		DN_Object\DN_Object.vcxitems*{c5d309ad-c875-4e8f-92d5-56d16925653d}*SharedItemsImports = 9
		DN_DeviceId\DN_DeviceId.vcxitems*{f35b6ea3-5315-4cf7-8398-7f84e8d4fc5b}*SharedItemsImports = 9
	EndGlobalSection
EndGlobal
